{
	"requires": true,
	"lockfileVersion": 1,
	"dependencies": {
		"weixin2alipay": {
			"version": "1.2.13",
			"resolved": "https://registry.npmjs.org/weixin2alipay/-/weixin2alipay-1.2.13.tgz",
			"integrity": "sha512-IjbHtdkf7z6qbLD+d3It0IvUVcvZx2MH7XXxer0/tZy5ItVkeBTZgcTxB8fqSx43c4JFlhjxIPkJRF3P0PNE1Q=="
		}
	}
}
