{
	"requires": true,
	"lockfileVersion": 1,
	"dependencies": {
		"weixin2alipay": {
			"version": "1.2.1",
			"resolved": "https://registry.npmjs.org/weixin2alipay/-/weixin2alipay-1.2.1.tgz",
			"integrity": "sha512-iFTE9/RX7d5kCXUu4xTZgYaUsVVudp77Hgs8C4tm/158FnFfhXAE958gXjPFoTzec40mrMCJgQD6Ya9t+W1KoQ=="
		}
	}
}
